version = 1
requires-python = ">=3.12"

[[package]]
name = "minecraft-healthcheck"
version = "0.1.0"
source = { virtual = "." }
dependencies = [
    { name = "prometheus-client" },
]

[package.metadata]
requires-dist = [{ name = "prometheus-client" }]

[[package]]
name = "prometheus-client"
version = "0.21.0"
source = { registry = "https://pypi.org/simple" }
sdist = { url = "https://files.pythonhosted.org/packages/e1/54/a369868ed7a7f1ea5163030f4fc07d85d22d7a1d270560dab675188fb612/prometheus_client-0.21.0.tar.gz", hash = "sha256:96c83c606b71ff2b0a433c98889d275f51ffec6c5e267de37c7a2b5c9aa9233e", size = 78634 }
wheels = [
    { url = "https://files.pythonhosted.org/packages/84/2d/46ed6436849c2c88228c3111865f44311cff784b4aabcdef4ea2545dbc3d/prometheus_client-0.21.0-py3-none-any.whl", hash = "sha256:4fa6b4dd0ac16d58bb587c04b1caae65b8c5043e85f778f42f5f632f6af2e166", size = 54686 },
]
